{
  "version": 4,
  "terraform_version": "1.0.10",
  "serial": 23,
  "lineage": "1db7c92f-7e0c-525a-09a3-69896137fb6c",
  "outputs": {
    "LaunchDarkly_Client_Side_Key": {
      "value": "634f1f1410a3d912f661db49",
      "type": "string",
      "sensitive": true
    },
    "LaunchDarkly_Server_Key": {
      "value": "sdk-9b3486f8-ae4d-4c73-89cc-0ae39e85bb81",
      "type": "string",
      "sensitive": true
    }
  },
  "resources": [
    {
      "mode": "managed",
      "type": "launchdarkly_feature_flag",
      "name": "apidebug",
      "provider": "provider[\"registry.terraform.io/launchdarkly/launchdarkly\"]",
      "instances": [
        {
          "schema_version": 0,
          "attributes": {
            "archived": false,
            "client_side_availability": [
              {
                "using_environment_id": true,
                "using_mobile_key": false
              }
            ],
            "custom_properties": [],
            "defaults": [
              {
                "off_variation": 1,
                "on_variation": 0
              }
            ],
            "description": "Features can be hidden behind debugging feature flags",
            "id": "ld-demo-reactv2/apidebug",
            "include_in_snippet": true,
            "key": "apidebug",
            "maintainer_id": null,
            "name": "3 - API Menu (Hide a debug menu)",
            "project_key": "ld-demo-reactv2",
            "tags": [
              "terraform-managed"
            ],
            "temporary": false,
            "variation_type": "boolean",
            "variations": [
              {
                "description": "Displays the hidden admin debugging menu for DB",
                "name": "Enable Debug Menu",
                "value": "true"
              },
              {
                "description": "Disable the debug menu flag",
                "name": "No Debug Menu",
                "value": "false"
              }
            ]
          },
          "sensitive_attributes": [],
          "private": "bnVsbA==",
          "dependencies": [
            "launchdarkly_project.reactv2"
          ]
        }
      ]
    },
    {
      "mode": "managed",
      "type": "launchdarkly_feature_flag",
      "name": "bgstyle",
      "provider": "provider[\"registry.terraform.io/launchdarkly/launchdarkly\"]",
      "instances": [
        {
          "schema_version": 0,
          "attributes": {
            "archived": false,
            "client_side_availability": [
              {
                "using_environment_id": true,
                "using_mobile_key": false
              }
            ],
            "custom_properties": [],
            "defaults": [
              {
                "off_variation": 1,
                "on_variation": 0
              }
            ],
            "description": "We can control how features are released based on various targeting properties, like the coloring of a background image!",
            "id": "ld-demo-reactv2/bgstyle",
            "include_in_snippet": true,
            "key": "bgstyle",
            "maintainer_id": null,
            "name": "2 - Background Styling (Targeting)",
            "project_key": "ld-demo-reactv2",
            "tags": [
              "terraform-managed"
            ],
            "temporary": false,
            "variation_type": "boolean",
            "variations": [
              {
                "description": "Login box presented",
                "name": "Login enabled",
                "value": "true"
              },
              {
                "description": "Not able to login ",
                "name": "Login Disabled",
                "value": "false"
              }
            ]
          },
          "sensitive_attributes": [],
          "private": "bnVsbA==",
          "dependencies": [
            "launchdarkly_project.reactv2"
          ]
        }
      ]
    },
    {
      "mode": "managed",
      "type": "launchdarkly_feature_flag",
      "name": "dbinfo",
      "provider": "provider[\"registry.terraform.io/launchdarkly/launchdarkly\"]",
      "instances": [
        {
          "schema_version": 0,
          "attributes": {
            "archived": false,
            "client_side_availability": [
              {
                "using_environment_id": true,
                "using_mobile_key": false
              }
            ],
            "custom_properties": [],
            "defaults": [
              {
                "off_variation": 1,
                "on_variation": 0
              }
            ],
            "description": "Use feature flags to **migrate** to a new infrastructure service (like a **database**)",
            "id": "ld-demo-reactv2/dbinfo",
            "include_in_snippet": true,
            "key": "dbinfo",
            "maintainer_id": null,
            "name": "4 - Switch Database (Migration)",
            "project_key": "ld-demo-reactv2",
            "tags": [
              "terraform-managed"
            ],
            "temporary": false,
            "variation_type": "json",
            "variations": [
              {
                "description": "Enable the Cloud hosted database",
                "name": "Cloud",
                "value": "{\"dbhost\":\"dynanmo\",\"mode\":\"cloud\"}"
              },
              {
                "description": "Use local database",
                "name": "LocalDB",
                "value": "{\"dbhost\":\"db\",\"mode\":\"local\"}"
              }
            ]
          },
          "sensitive_attributes": [],
          "private": "bnVsbA==",
          "dependencies": [
            "launchdarkly_project.reactv2"
          ]
        }
      ]
    },
    {
      "mode": "managed",
      "type": "launchdarkly_feature_flag",
      "name": "login",
      "provider": "provider[\"registry.terraform.io/launchdarkly/launchdarkly\"]",
      "instances": [
        {
          "schema_version": 0,
          "attributes": {
            "archived": false,
            "client_side_availability": [
              {
                "using_environment_id": true,
                "using_mobile_key": false
              }
            ],
            "custom_properties": [],
            "defaults": [
              {
                "off_variation": 1,
                "on_variation": 0
              }
            ],
            "description": "Features can be text on screen, new web components, API changes, or new infrastructure entirely",
            "id": "ld-demo-reactv2/login",
            "include_in_snippet": true,
            "key": "login",
            "maintainer_id": null,
            "name": "1 - APP UI (Release a New UI)",
            "project_key": "ld-demo-reactv2",
            "tags": [
              "terraform-managed"
            ],
            "temporary": false,
            "variation_type": "boolean",
            "variations": [
              {
                "description": "Show the updated LaunchDarkly header",
                "name": "Show New Header Design",
                "value": "true"
              },
              {
                "description": "Displays header showing common app delivery ",
                "name": "Show Old Header Design",
                "value": "false"
              }
            ]
          },
          "sensitive_attributes": [],
          "private": "bnVsbA==",
          "dependencies": [
            "launchdarkly_project.reactv2"
          ]
        }
      ]
    },
    {
      "mode": "managed",
      "type": "launchdarkly_feature_flag",
      "name": "qrcode",
      "provider": "provider[\"registry.terraform.io/launchdarkly/launchdarkly\"]",
      "instances": [
        {
          "schema_version": 0,
          "attributes": {
            "archived": false,
            "client_side_availability": [
              {
                "using_environment_id": true,
                "using_mobile_key": false
              }
            ],
            "custom_properties": [],
            "defaults": [
              {
                "off_variation": 1,
                "on_variation": 0
              }
            ],
            "description": "Scan the QR code in the application in order to access the demo locally!",
            "id": "ld-demo-reactv2/qrcode",
            "include_in_snippet": true,
            "key": "qrcode",
            "maintainer_id": null,
            "name": "0 - QR Code",
            "project_key": "ld-demo-reactv2",
            "tags": [
              "terraform-managed"
            ],
            "temporary": false,
            "variation_type": "boolean",
            "variations": [
              {
                "description": "Show the QR Code",
                "name": "QR Code On",
                "value": "true"
              },
              {
                "description": "Disable the QR Code for mobile device viewing ",
                "name": "QR Code Off",
                "value": "false"
              }
            ]
          },
          "sensitive_attributes": [],
          "private": "bnVsbA==",
          "dependencies": [
            "launchdarkly_project.reactv2"
          ]
        }
      ]
    },
    {
      "mode": "managed",
      "type": "launchdarkly_project",
      "name": "reactv2",
      "provider": "provider[\"registry.terraform.io/launchdarkly/launchdarkly\"]",
      "instances": [
        {
          "schema_version": 0,
          "attributes": {
            "default_client_side_availability": [
              {
                "using_environment_id": true,
                "using_mobile_key": false
              }
            ],
            "environments": [
              {
                "api_key": "sdk-9b3486f8-ae4d-4c73-89cc-0ae39e85bb81",
                "approval_settings": [
                  {
                    "can_apply_declined_changes": true,
                    "can_review_own_request": false,
                    "min_num_approvals": 1,
                    "required": false,
                    "required_approval_tags": []
                  }
                ],
                "client_side_id": "634f1f1410a3d912f661db49",
                "color": "7B42BC",
                "confirm_changes": false,
                "default_track_events": false,
                "default_ttl": 0,
                "key": "reactv21",
                "mobile_key": "mob-2cb040fc-4b93-4cfc-ac7a-91ade49f4111",
                "name": "reactv2-1",
                "require_comments": false,
                "secure_mode": false,
                "tags": [
                  "terraform"
                ]
              }
            ],
            "id": "ld-demo-reactv2",
            "include_in_snippet": true,
            "key": "ld-demo-reactv2",
            "name": "ld-demo-reactv2",
            "tags": [
              "terraform"
            ]
          },
          "sensitive_attributes": [],
          "private": "bnVsbA=="
        }
      ]
    }
  ]
}
